// !$*UTF8*$!
{
	archiveVersion = 1;
	classes = {
	};
	objectVersion = 50;
	objects = {

/* Begin PBXBuildFile section */
		272497B325DE2B06000E5477 /* AppDelegate.swift in Sources */ = {isa = PBXBuildFile; fileRef = 272497B225DE2B06000E5477 /* AppDelegate.swift */; };
		272497B525DE2B06000E5477 /* SceneDelegate.swift in Sources */ = {isa = PBXBuildFile; fileRef = 272497B425DE2B06000E5477 /* SceneDelegate.swift */; };
		272497B725DE2B06000E5477 /* ViewController.swift in Sources */ = {isa = PBXBuildFile; fileRef = 272497B625DE2B06000E5477 /* ViewController.swift */; };
		272497BA25DE2B06000E5477 /* Main.storyboard in Resources */ = {isa = PBXBuildFile; fileRef = 272497B825DE2B06000E5477 /* Main.storyboard */; };
		272497BC25DE2B0A000E5477 /* Assets.xcassets in Resources */ = {isa = PBXBuildFile; fileRef = 272497BB25DE2B0A000E5477 /* Assets.xcassets */; };
		272497BF25DE2B0A000E5477 /* LaunchScreen.storyboard in Resources */ = {isa = PBXBuildFile; fileRef = 272497BD25DE2B0A000E5477 /* LaunchScreen.storyboard */; };
		272497CA25DE2B0A000E5477 /* FlixTests.swift in Sources */ = {isa = PBXBuildFile; fileRef = 272497C925DE2B0A000E5477 /* FlixTests.swift */; };
		272497D525DE2B0A000E5477 /* FlixUITests.swift in Sources */ = {isa = PBXBuildFile; fileRef = 272497D425DE2B0A000E5477 /* FlixUITests.swift */; };
/* End PBXBuildFile section */

/* Begin PBXContainerItemProxy section */
		272497C625DE2B0A000E5477 /* PBXContainerItemProxy */ = {
			isa = PBXContainerItemProxy;
			containerPortal = 272497A725DE2B06000E5477 /* Project object */;
			proxyType = 1;
			remoteGlobalIDString = 272497AE25DE2B06000E5477;
			remoteInfo = Flix;
		};
		272497D125DE2B0A000E5477 /* PBXContainerItemProxy */ = {
			isa = PBXContainerItemProxy;
			containerPortal = 272497A725DE2B06000E5477 /* Project object */;
			proxyType = 1;
			remoteGlobalIDString = 272497AE25DE2B06000E5477;
			remoteInfo = Flix;
		};
/* End PBXContainerItemProxy section */

/* Begin PBXFileReference section */
		272497AF25DE2B06000E5477 /* Flix.app */ = {isa = PBXFileReference; explicitFileType = wrapper.application; includeInIndex = 0; path = Flix.app; sourceTree = BUILT_PRODUCTS_DIR; };
		272497B225DE2B06000E5477 /* AppDelegate.swift */ = {isa = PBXFileReference; lastKnownFileType = sourcecode.swift; path = AppDelegate.swift; sourceTree = "<group>"; };
		272497B425DE2B06000E5477 /* SceneDelegate.swift */ = {isa = PBXFileReference; lastKnownFileType = sourcecode.swift; path = SceneDelegate.swift; sourceTree = "<group>"; };
		272497B625DE2B06000E5477 /* ViewController.swift */ = {isa = PBXFileReference; lastKnownFileType = sourcecode.swift; path = ViewController.swift; sourceTree = "<group>"; };
		272497B925DE2B06000E5477 /* Base */ = {isa = PBXFileReference; lastKnownFileType = file.storyboard; name = Base; path = Base.lproj/Main.storyboard; sourceTree = "<group>"; };
		272497BB25DE2B0A000E5477 /* Assets.xcassets */ = {isa = PBXFileReference; lastKnownFileType = folder.assetcatalog; path = Assets.xcassets; sourceTree = "<group>"; };
		272497BE25DE2B0A000E5477 /* Base */ = {isa = PBXFileReference; lastKnownFileType = file.storyboard; name = Base; path = Base.lproj/LaunchScreen.storyboard; sourceTree = "<group>"; };
		272497C025DE2B0A000E5477 /* Info.plist */ = {isa = PBXFileReference; lastKnownFileType = text.plist.xml; path = Info.plist; sourceTree = "<group>"; };
		272497C525DE2B0A000E5477 /* FlixTests.xctest */ = {isa = PBXFileReference; explicitFileType = wrapper.cfbundle; includeInIndex = 0; path = FlixTests.xctest; sourceTree = BUILT_PRODUCTS_DIR; };
		272497C925DE2B0A000E5477 /* FlixTests.swift */ = {isa = PBXFileReference; lastKnownFileType = sourcecode.swift; path = FlixTests.swift; sourceTree = "<group>"; };
		272497CB25DE2B0A000E5477 /* Info.plist */ = {isa = PBXFileReference; lastKnownFileType = text.plist.xml; path = Info.plist; sourceTree = "<group>"; };
		272497D025DE2B0A000E5477 /* FlixUITests.xctest */ = {isa = PBXFileReference; explicitFileType = wrapper.cfbundle; includeInIndex = 0; path = FlixUITests.xctest; sourceTree = BUILT_PRODUCTS_DIR; };
		272497D425DE2B0A000E5477 /* FlixUITests.swift */ = {isa = PBXFileReference; lastKnownFileType = sourcecode.swift; path = FlixUITests.swift; sourceTree = "<group>"; };
		272497D625DE2B0A000E5477 /* Info.plist */ = {isa = PBXFileReference; lastKnownFileType = text.plist.xml; path = Info.plist; sourceTree = "<group>"; };
/* End PBXFileReference section */

/* Begin PBXFrameworksBuildPhase section */
		272497AC25DE2B06000E5477 /* Frameworks */ = {
			isa = PBXFrameworksBuildPhase;
			buildActionMask = 2147483647;
			files = (
			);
			runOnlyForDeploymentPostprocessing = 0;
		};
		272497C225DE2B0A000E5477 /* Frameworks */ = {
			isa = PBXFrameworksBuildPhase;
			buildActionMask = 2147483647;
			files = (
			);
			runOnlyForDeploymentPostprocessing = 0;
		};
		272497CD25DE2B0A000E5477 /* Frameworks */ = {
			isa = PBXFrameworksBuildPhase;
			buildActionMask = 2147483647;
			files = (
			);
			runOnlyForDeploymentPostprocessing = 0;
		};
/* End PBXFrameworksBuildPhase section */

/* Begin PBXGroup section */
		272497A625DE2B06000E5477 = {
			isa = PBXGroup;
			children = (
				272497B125DE2B06000E5477 /* Flix */,
				272497C825DE2B0A000E5477 /* FlixTests */,
				272497D325DE2B0A000E5477 /* FlixUITests */,
				272497B025DE2B06000E5477 /* Products */,
			);
			sourceTree = "<group>";
		};
		272497B025DE2B06000E5477 /* Products */ = {
			isa = PBXGroup;
			children = (
				272497AF25DE2B06000E5477 /* Flix.app */,
				272497C525DE2B0A000E5477 /* FlixTests.xctest */,
				272497D025DE2B0A000E5477 /* FlixUITests.xctest */,
			);
			name = Products;
			sourceTree = "<group>";
		};
		272497B125DE2B06000E5477 /* Flix */ = {
			isa = PBXGroup;
			children = (
				272497B225DE2B06000E5477 /* AppDelegate.swift */,
				272497B425DE2B06000E5477 /* SceneDelegate.swift */,
				272497B625DE2B06000E5477 /* ViewController.swift */,
				272497B825DE2B06000E5477 /* Main.storyboard */,
				272497BB25DE2B0A000E5477 /* Assets.xcassets */,
				272497BD25DE2B0A000E5477 /* LaunchScreen.storyboard */,
				272497C025DE2B0A000E5477 /* Info.plist */,
			);
			path = Flix;
			sourceTree = "<group>";
		};
		272497C825DE2B0A000E5477 /* FlixTests */ = {
			isa = PBXGroup;
			children = (
				272497C925DE2B0A000E5477 /* FlixTests.swift */,
				272497CB25DE2B0A000E5477 /* Info.plist */,
			);
			path = FlixTests;
			sourceTree = "<group>";
		};
		272497D325DE2B0A000E5477 /* FlixUITests */ = {
			isa = PBXGroup;
			children = (
				272497D425DE2B0A000E5477 /* FlixUITests.swift */,
				272497D625DE2B0A000E5477 /* Info.plist */,
			);
			path = FlixUITests;
			sourceTree = "<group>";
		};
/* End PBXGroup section */

/* Begin PBXNativeTarget section */
		272497AE25DE2B06000E5477 /* Flix */ = {
			isa = PBXNativeTarget;
			buildConfigurationList = 272497D925DE2B0A000E5477 /* Build configuration list for PBXNativeTarget "Flix" */;
			buildPhases = (
				272497AB25DE2B06000E5477 /* Sources */,
				272497AC25DE2B06000E5477 /* Frameworks */,
				272497AD25DE2B06000E5477 /* Resources */,
			);
			buildRules = (
			);
			dependencies = (
			);
			name = Flix;
			productName = Flix;
			productReference = 272497AF25DE2B06000E5477 /* Flix.app */;
			productType = "com.apple.product-type.application";
		};
		272497C425DE2B0A000E5477 /* FlixTests */ = {
			isa = PBXNativeTarget;
			buildConfigurationList = 272497DC25DE2B0A000E5477 /* Build configuration list for PBXNativeTarget "FlixTests" */;
			buildPhases = (
				272497C125DE2B0A000E5477 /* Sources */,
				272497C225DE2B0A000E5477 /* Frameworks */,
				272497C325DE2B0A000E5477 /* Resources */,
			);
			buildRules = (
			);
			dependencies = (
				272497C725DE2B0A000E5477 /* PBXTargetDependency */,
			);
			name = FlixTests;
			productName = FlixTests;
			productReference = 272497C525DE2B0A000E5477 /* FlixTests.xctest */;
			productType = "com.apple.product-type.bundle.unit-test";
		};
		272497CF25DE2B0A000E5477 /* FlixUITests */ = {
			isa = PBXNativeTarget;
			buildConfigurationList = 272497DF25DE2B0A000E5477 /* Build configuration list for PBXNativeTarget "FlixUITests" */;
			buildPhases = (
				272497CC25DE2B0A000E5477 /* Sources */,
				272497CD25DE2B0A000E5477 /* Frameworks */,
				272497CE25DE2B0A000E5477 /* Resources */,
			);
			buildRules = (
			);
			dependencies = (
				272497D225DE2B0A000E5477 /* PBXTargetDependency */,
			);
			name = FlixUITests;
			productName = FlixUITests;
			productReference = 272497D025DE2B0A000E5477 /* FlixUITests.xctest */;
			productType = "com.apple.product-type.bundle.ui-testing";
		};
/* End PBXNativeTarget section */

/* Begin PBXProject section */
		272497A725DE2B06000E5477 /* Project object */ = {
			isa = PBXProject;
			attributes = {
				LastSwiftUpdateCheck = 1230;
				LastUpgradeCheck = 1230;
				TargetAttributes = {
					272497AE25DE2B06000E5477 = {
						CreatedOnToolsVersion = 12.3;
					};
					272497C425DE2B0A000E5477 = {
						CreatedOnToolsVersion = 12.3;
						TestTargetID = 272497AE25DE2B06000E5477;
					};
					272497CF25DE2B0A000E5477 = {
						CreatedOnToolsVersion = 12.3;
						TestTargetID = 272497AE25DE2B06000E5477;
					};
				};
			};
			buildConfigurationList = 272497AA25DE2B06000E5477 /* Build configuration list for PBXProject "Flix" */;
			compatibilityVersion = "Xcode 9.3";
			developmentRegion = en;
			hasScannedForEncodings = 0;
			knownRegions = (
				en,
				Base,
			);
			mainGroup = 272497A625DE2B06000E5477;
			productRefGroup = 272497B025DE2B06000E5477 /* Products */;
			projectDirPath = "";
			projectRoot = "";
			targets = (
				272497AE25DE2B06000E5477 /* Flix */,
				272497C425DE2B0A000E5477 /* FlixTests */,
				272497CF25DE2B0A000E5477 /* FlixUITests */,
			);
		};
/* End PBXProject section */

/* Begin PBXResourcesBuildPhase section */
		272497AD25DE2B06000E5477 /* Resources */ = {
			isa = PBXResourcesBuildPhase;
			buildActionMask = 2147483647;
			files = (
				272497BF25DE2B0A000E5477 /* LaunchScreen.storyboard in Resources */,
				272497BC25DE2B0A000E5477 /* Assets.xcassets in Resources */,
				272497BA25DE2B06000E5477 /* Main.storyboard in Resources */,
			);
			runOnlyForDeploymentPostprocessing = 0;
		};
		272497C325DE2B0A000E5477 /* Resources */ = {
			isa = PBXResourcesBuildPhase;
			buildActionMask = 2147483647;
			files = (
			);
			runOnlyForDeploymentPostprocessing = 0;
		};
		272497CE25DE2B0A000E5477 /* Resources */ = {
			isa = PBXResourcesBuildPhase;
			buildActionMask = 2147483647;
			files = (
			);
			runOnlyForDeploymentPostprocessing = 0;
		};
/* End PBXResourcesBuildPhase section */

/* Begin PBXSourcesBuildPhase section */
		272497AB25DE2B06000E5477 /* Sources */ = {
			isa = PBXSourcesBuildPhase;
			buildActionMask = 2147483647;
			files = (
				272497B725DE2B06000E5477 /* ViewController.swift in Sources */,
				272497B325DE2B06000E5477 /* AppDelegate.swift in Sources */,
				272497B525DE2B06000E5477 /* SceneDelegate.swift in Sources */,
			);
			runOnlyForDeploymentPostprocessing = 0;
		};
		272497C125DE2B0A000E5477 /* Sources */ = {
			isa = PBXSourcesBuildPhase;
			buildActionMask = 2147483647;
			files = (
				272497CA25DE2B0A000E5477 /* FlixTests.swift in Sources */,
			);
			runOnlyForDeploymentPostprocessing = 0;
		};
		272497CC25DE2B0A000E5477 /* Sources */ = {
			isa = PBXSourcesBuildPhase;
			buildActionMask = 2147483647;
			files = (
				272497D525DE2B0A000E5477 /* FlixUITests.swift in Sources */,
			);
			runOnlyForDeploymentPostprocessing = 0;
		};
/* End PBXSourcesBuildPhase section */

/* Begin PBXTargetDependency section */
		272497C725DE2B0A000E5477 /* PBXTargetDependency */ = {
			isa = PBXTargetDependency;
			target = 272497AE25DE2B06000E5477 /* Flix */;
			targetProxy = 272497C625DE2B0A000E5477 /* PBXContainerItemProxy */;
		};
		272497D225DE2B0A000E5477 /* PBXTargetDependency */ = {
			isa = PBXTargetDependency;
			target = 272497AE25DE2B06000E5477 /* Flix */;
			targetProxy = 272497D125DE2B0A000E5477 /* PBXContainerItemProxy */;
		};
/* End PBXTargetDependency section */

/* Begin PBXVariantGroup section */
		272497B825DE2B06000E5477 /* Main.storyboard */ = {
			isa = PBXVariantGroup;
			children = (
				272497B925DE2B06000E5477 /* Base */,
			);
			name = Main.storyboard;
			sourceTree = "<group>";
		};
		272497BD25DE2B0A000E5477 /* LaunchScreen.storyboard */ = {
			isa = PBXVariantGroup;
			children = (
				272497BE25DE2B0A000E5477 /* Base */,
			);
			name = LaunchScreen.storyboard;
			sourceTree = "<group>";
		};
/* End PBXVariantGroup section */

/* Begin XCBuildConfiguration section */
		272497D725DE2B0A000E5477 /* Debug */ = {
			isa = XCBuildConfiguration;
			buildSettings = {
				ALWAYS_SEARCH_USER_PATHS = NO;
				CLANG_ANALYZER_NONNULL = YES;
				CLANG_ANALYZER_NUMBER_OBJECT_CONVERSION = YES_AGGRESSIVE;
				CLANG_CXX_LANGUAGE_STANDARD = "gnu++14";
				CLANG_CXX_LIBRARY = "libc++";
				CLANG_ENABLE_MODULES = YES;
				CLANG_ENABLE_OBJC_ARC = YES;
				CLANG_ENABLE_OBJC_WEAK = YES;
				CLANG_WARN_BLOCK_CAPTURE_AUTORELEASING = YES;
				CLANG_WARN_BOOL_CONVERSION = YES;
				CLANG_WARN_COMMA = YES;
				CLANG_WARN_CONSTANT_CONVERSION = YES;
				CLANG_WARN_DEPRECATED_OBJC_IMPLEMENTATIONS = YES;
				CLANG_WARN_DIRECT_OBJC_ISA_USAGE = YES_ERROR;
				CLANG_WARN_DOCUMENTATION_COMMENTS = YES;
				CLANG_WARN_EMPTY_BODY = YES;
				CLANG_WARN_ENUM_CONVERSION = YES;
				CLANG_WARN_INFINITE_RECURSION = YES;
				CLANG_WARN_INT_CONVERSION = YES;
				CLANG_WARN_NON_LITERAL_NULL_CONVERSION = YES;
				CLANG_WARN_OBJC_IMPLICIT_RETAIN_SELF = YES;
				CLANG_WARN_OBJC_LITERAL_CONVERSION = YES;
				CLANG_WARN_OBJC_ROOT_CLASS = YES_ERROR;
				CLANG_WARN_QUOTED_INCLUDE_IN_FRAMEWORK_HEADER = YES;
				CLANG_WARN_RANGE_LOOP_ANALYSIS = YES;
				CLANG_WARN_STRICT_PROTOTYPES = YES;
				CLANG_WARN_SUSPICIOUS_MOVE = YES;
				CLANG_WARN_UNGUARDED_AVAILABILITY = YES_AGGRESSIVE;
				CLANG_WARN_UNREACHABLE_CODE = YES;
				CLANG_WARN__DUPLICATE_METHOD_MATCH = YES;
				COPY_PHASE_STRIP = NO;
				DEBUG_INFORMATION_FORMAT = dwarf;
				ENABLE_STRICT_OBJC_MSGSEND = YES;
				ENABLE_TESTABILITY = YES;
				GCC_C_LANGUAGE_STANDARD = gnu11;
				GCC_DYNAMIC_NO_PIC = NO;
				GCC_NO_COMMON_BLOCKS = YES;
				GCC_OPTIMIZATION_LEVEL = 0;
				GCC_PREPROCESSOR_DEFINITIONS = (
					"DEBUG=1",
					"$(inherited)",
				);
				GCC_WARN_64_TO_32_BIT_CONVERSION = YES;
				GCC_WARN_ABOUT_RETURN_TYPE = YES_ERROR;
				GCC_WARN_UNDECLARED_SELECTOR = YES;
				GCC_WARN_UNINITIALIZED_AUTOS = YES_AGGRESSIVE;
				GCC_WARN_UNUSED_FUNCTION = YES;
				GCC_WARN_UNUSED_VARIABLE = YES;
				IPHONEOS_DEPLOYMENT_TARGET = 14.3;
				MTL_ENABLE_DEBUG_INFO = INCLUDE_SOURCE;
				MTL_FAST_MATH = YES;
				ONLY_ACTIVE_ARCH = YES;
				SDKROOT = iphoneos;
				SWIFT_ACTIVE_COMPILATION_CONDITIONS = DEBUG;
				SWIFT_OPTIMIZATION_LEVEL = "-Onone";
			};
			name = Debug;
		};
		272497D825DE2B0A000E5477 /* Release */ = {
			isa = XCBuildConfiguration;
			buildSettings = {
				ALWAYS_SEARCH_USER_PATHS = NO;
				CLANG_ANALYZER_NONNULL = YES;
				CLANG_ANALYZER_NUMBER_OBJECT_CONVERSION = YES_AGGRESSIVE;
				CLANG_CXX_LANGUAGE_STANDARD = "gnu++14";
				CLANG_CXX_LIBRARY = "libc++";
				CLANG_ENABLE_MODULES = YES;
				CLANG_ENABLE_OBJC_ARC = YES;
				CLANG_ENABLE_OBJC_WEAK = YES;
				CLANG_WARN_BLOCK_CAPTURE_AUTORELEASING = YES;
				CLANG_WARN_BOOL_CONVERSION = YES;
				CLANG_WARN_COMMA = YES;
				CLANG_WARN_CONSTANT_CONVERSION = YES;
				CLANG_WARN_DEPRECATED_OBJC_IMPLEMENTATIONS = YES;
				CLANG_WARN_DIRECT_OBJC_ISA_USAGE = YES_ERROR;
				CLANG_WARN_DOCUMENTATION_COMMENTS = YES;
				CLANG_WARN_EMPTY_BODY = YES;
				CLANG_WARN_ENUM_CONVERSION = YES;
				CLANG_WARN_INFINITE_RECURSION = YES;
				CLANG_WARN_INT_CONVERSION = YES;
				CLANG_WARN_NON_LITERAL_NULL_CONVERSION = YES;
				CLANG_WARN_OBJC_IMPLICIT_RETAIN_SELF = YES;
				CLANG_WARN_OBJC_LITERAL_CONVERSION = YES;
				CLANG_WARN_OBJC_ROOT_CLASS = YES_ERROR;
				CLANG_WARN_QUOTED_INCLUDE_IN_FRAMEWORK_HEADER = YES;
				CLANG_WARN_RANGE_LOOP_ANALYSIS = YES;
				CLANG_WARN_STRICT_PROTOTYPES = YES;
				CLANG_WARN_SUSPICIOUS_MOVE = YES;
				CLANG_WARN_UNGUARDED_AVAILABILITY = YES_AGGRESSIVE;
				CLANG_WARN_UNREACHABLE_CODE = YES;
				CLANG_WARN__DUPLICATE_METHOD_MATCH = YES;
				COPY_PHASE_STRIP = NO;
				DEBUG_INFORMATION_FORMAT = "dwarf-with-dsym";
				ENABLE_NS_ASSERTIONS = NO;
				ENABLE_STRICT_OBJC_MSGSEND = YES;
				GCC_C_LANGUAGE_STANDARD = gnu11;
				GCC_NO_COMMON_BLOCKS = YES;
				GCC_WARN_64_TO_32_BIT_CONVERSION = YES;
				GCC_WARN_ABOUT_RETURN_TYPE = YES_ERROR;
				GCC_WARN_UNDECLARED_SELECTOR = YES;
				GCC_WARN_UNINITIALIZED_AUTOS = YES_AGGRESSIVE;
				GCC_WARN_UNUSED_FUNCTION = YES;
				GCC_WARN_UNUSED_VARIABLE = YES;
				IPHONEOS_DEPLOYMENT_TARGET = 14.3;
				MTL_ENABLE_DEBUG_INFO = NO;
				MTL_FAST_MATH = YES;
				SDKROOT = iphoneos;
				SWIFT_COMPILATION_MODE = wholemodule;
				SWIFT_OPTIMIZATION_LEVEL = "-O";
				VALIDATE_PRODUCT = YES;
			};
			name = Release;
		};
		272497DA25DE2B0A000E5477 /* Debug */ = {
			isa = XCBuildConfiguration;
			buildSettings = {
				ASSETCATALOG_COMPILER_APPICON_NAME = AppIcon;
				ASSETCATALOG_COMPILER_GLOBAL_ACCENT_COLOR_NAME = AccentColor;
				CODE_SIGN_STYLE = Automatic;
				INFOPLIST_FILE = Flix/Info.plist;
				LD_RUNPATH_SEARCH_PATHS = (
					"$(inherited)",
					"@executable_path/Frameworks",
				);
				PRODUCT_BUNDLE_IDENTIFIER = "Mike-Neri.Flix";
				PRODUCT_NAME = "$(TARGET_NAME)";
				SWIFT_VERSION = 5.0;
				TARGETED_DEVICE_FAMILY = "1,2";
			};
			name = Debug;
		};
		272497DB25DE2B0A000E5477 /* Release */ = {
			isa = XCBuildConfiguration;
			buildSettings = {
				ASSETCATALOG_COMPILER_APPICON_NAME = AppIcon;
				ASSETCATALOG_COMPILER_GLOBAL_ACCENT_COLOR_NAME = AccentColor;
				CODE_SIGN_STYLE = Automatic;
				INFOPLIST_FILE = Flix/Info.plist;
				LD_RUNPATH_SEARCH_PATHS = (
					"$(inherited)",
					"@executable_path/Frameworks",
				);
				PRODUCT_BUNDLE_IDENTIFIER = "Mike-Neri.Flix";
				PRODUCT_NAME = "$(TARGET_NAME)";
				SWIFT_VERSION = 5.0;
				TARGETED_DEVICE_FAMILY = "1,2";
			};
			name = Release;
		};
		272497DD25DE2B0A000E5477 /* Debug */ = {
			isa = XCBuildConfiguration;
			buildSettings = {
				ALWAYS_EMBED_SWIFT_STANDARD_LIBRARIES = YES;
				BUNDLE_LOADER = "$(TEST_HOST)";
				CODE_SIGN_STYLE = Automatic;
				INFOPLIST_FILE = FlixTests/Info.plist;
				IPHONEOS_DEPLOYMENT_TARGET = 14.3;
				LD_RUNPATH_SEARCH_PATHS = (
					"$(inherited)",
					"@executable_path/Frameworks",
					"@loader_path/Frameworks",
				);
				PRODUCT_BUNDLE_IDENTIFIER = "Mike-Neri.FlixTests";
				PRODUCT_NAME = "$(TARGET_NAME)";
				SWIFT_VERSION = 5.0;
				TARGETED_DEVICE_FAMILY = "1,2";
				TEST_HOST = "$(BUILT_PRODUCTS_DIR)/Flix.app/Flix";
			};
			name = Debug;
		};
		272497DE25DE2B0A000E5477 /* Release */ = {
			isa = XCBuildConfiguration;
			buildSettings = {
				ALWAYS_EMBED_SWIFT_STANDARD_LIBRARIES = YES;
				BUNDLE_LOADER = "$(TEST_HOST)";
				CODE_SIGN_STYLE = Automatic;
				INFOPLIST_FILE = FlixTests/Info.plist;
				IPHONEOS_DEPLOYMENT_TARGET = 14.3;
				LD_RUNPATH_SEARCH_PATHS = (
					"$(inherited)",
					"@executable_path/Frameworks",
					"@loader_path/Frameworks",
				);
				PRODUCT_BUNDLE_IDENTIFIER = "Mike-Neri.FlixTests";
				PRODUCT_NAME = "$(TARGET_NAME)";
				SWIFT_VERSION = 5.0;
				TARGETED_DEVICE_FAMILY = "1,2";
				TEST_HOST = "$(BUILT_PRODUCTS_DIR)/Flix.app/Flix";
			};
			name = Release;
		};
		272497E025DE2B0A000E5477 /* Debug */ = {
			isa = XCBuildConfiguration;
			buildSettings = {
				ALWAYS_EMBED_SWIFT_STANDARD_LIBRARIES = YES;
				CODE_SIGN_STYLE = Automatic;
				INFOPLIST_FILE = FlixUITests/Info.plist;
				LD_RUNPATH_SEARCH_PATHS = (
					"$(inherited)",
					"@executable_path/Frameworks",
					"@loader_path/Frameworks",
				);
				PRODUCT_BUNDLE_IDENTIFIER = "Mike-Neri.FlixUITests";
				PRODUCT_NAME = "$(TARGET_NAME)";
				SWIFT_VERSION = 5.0;
				TARGETED_DEVICE_FAMILY = "1,2";
				TEST_TARGET_NAME = Flix;
			};
			name = Debug;
		};
		272497E125DE2B0A000E5477 /* Release */ = {
			isa = XCBuildConfiguration;
			buildSettings = {
				ALWAYS_EMBED_SWIFT_STANDARD_LIBRARIES = YES;
				CODE_SIGN_STYLE = Automatic;
				INFOPLIST_FILE = FlixUITests/Info.plist;
				LD_RUNPATH_SEARCH_PATHS = (
					"$(inherited)",
					"@executable_path/Frameworks",
					"@loader_path/Frameworks",
				);
				PRODUCT_BUNDLE_IDENTIFIER = "Mike-Neri.FlixUITests";
				PRODUCT_NAME = "$(TARGET_NAME)";
				SWIFT_VERSION = 5.0;
				TARGETED_DEVICE_FAMILY = "1,2";
				TEST_TARGET_NAME = Flix;
			};
			name = Release;
		};
/* End XCBuildConfiguration section */

/* Begin XCConfigurationList section */
		272497AA25DE2B06000E5477 /* Build configuration list for PBXProject "Flix" */ = {
			isa = XCConfigurationList;
			buildConfigurations = (
				272497D725DE2B0A000E5477 /* Debug */,
				272497D825DE2B0A000E5477 /* Release */,
			);
			defaultConfigurationIsVisible = 0;
			defaultConfigurationName = Release;
		};
		272497D925DE2B0A000E5477 /* Build configuration list for PBXNativeTarget "Flix" */ = {
			isa = XCConfigurationList;
			buildConfigurations = (
				272497DA25DE2B0A000E5477 /* Debug */,
				272497DB25DE2B0A000E5477 /* Release */,
			);
			defaultConfigurationIsVisible = 0;
			defaultConfigurationName = Release;
		};
		272497DC25DE2B0A000E5477 /* Build configuration list for PBXNativeTarget "FlixTests" */ = {
			isa = XCConfigurationList;
			buildConfigurations = (
				272497DD25DE2B0A000E5477 /* Debug */,
				272497DE25DE2B0A000E5477 /* Release */,
			);
			defaultConfigurationIsVisible = 0;
			defaultConfigurationName = Release;
		};
		272497DF25DE2B0A000E5477 /* Build configuration list for PBXNativeTarget "FlixUITests" */ = {
			isa = XCConfigurationList;
			buildConfigurations = (
				272497E025DE2B0A000E5477 /* Debug */,
				272497E125DE2B0A000E5477 /* Release */,
			);
			defaultConfigurationIsVisible = 0;
			defaultConfigurationName = Release;
		};
/* End XCConfigurationList section */
	};
	rootObject = 272497A725DE2B06000E5477 /* Project object */;
}
